// !$*UTF8*$!
{
	archiveVersion = 1;
	classes = {
	};
	objectVersion = 56;
	objects = {

/* Begin PBXBuildFile section */
		8E6C48CD2AF997BF00D56CDD /* HabitCreateViewController.swift in Sources */ = {isa = PBXBuildFile; fileRef = 8E6C48CC2AF997BF00D56CDD /* HabitCreateViewController.swift */; };
		8E6C48CF2AF997C800D56CDD /* HabitEditViewController.swift in Sources */ = {isa = PBXBuildFile; fileRef = 8E6C48CE2AF997C800D56CDD /* HabitEditViewController.swift */; };
		8E7B40902AFD459E0058FE55 /* UITimePickerView.swift in Sources */ = {isa = PBXBuildFile; fileRef = 8E7B408F2AFD459E0058FE55 /* UITimePickerView.swift */; };
		8E7B40922AFD593A0058FE55 /* UIView.swift in Sources */ = {isa = PBXBuildFile; fileRef = 8E7B40912AFD593A0058FE55 /* UIView.swift */; };
		8EB8760C2AF583FC0057ECEF /* HabitsStore.swift in Sources */ = {isa = PBXBuildFile; fileRef = 8EB8760B2AF583FC0057ECEF /* HabitsStore.swift */; };
		8EB8760E2AF5848C0057ECEF /* HabitsViewController.swift in Sources */ = {isa = PBXBuildFile; fileRef = 8EB8760D2AF5848C0057ECEF /* HabitsViewController.swift */; };
		8EB876102AF584FB0057ECEF /* InfoViewController.swift in Sources */ = {isa = PBXBuildFile; fileRef = 8EB8760F2AF584FB0057ECEF /* InfoViewController.swift */; };
		8ED2CA682AF57E3B00808041 /* AppDelegate.swift in Sources */ = {isa = PBXBuildFile; fileRef = 8ED2CA672AF57E3B00808041 /* AppDelegate.swift */; };
		8ED2CA6A2AF57E3B00808041 /* SceneDelegate.swift in Sources */ = {isa = PBXBuildFile; fileRef = 8ED2CA692AF57E3B00808041 /* SceneDelegate.swift */; };
		8ED2CA6C2AF57E3B00808041 /* TabBarViewController.swift in Sources */ = {isa = PBXBuildFile; fileRef = 8ED2CA6B2AF57E3B00808041 /* TabBarViewController.swift */; };
		8ED2CA712AF57E3D00808041 /* Assets.xcassets in Resources */ = {isa = PBXBuildFile; fileRef = 8ED2CA702AF57E3D00808041 /* Assets.xcassets */; };
		8ED2CA742AF57E3D00808041 /* LaunchScreen.storyboard in Resources */ = {isa = PBXBuildFile; fileRef = 8ED2CA722AF57E3D00808041 /* LaunchScreen.storyboard */; };
		8EFA22CB2AFACAD30072E89A /* TestViewController.swift in Sources */ = {isa = PBXBuildFile; fileRef = 8EFA22CA2AFACAD30072E89A /* TestViewController.swift */; };
		8EFA22CD2AFACB4C0072E89A /* UIColorPickerView.swift in Sources */ = {isa = PBXBuildFile; fileRef = 8EFA22CC2AFACB4C0072E89A /* UIColorPickerView.swift */; };
		8EFA22D12AFCEF330072E89A /* UIColorCircleView.swift in Sources */ = {isa = PBXBuildFile; fileRef = 8EFA22D02AFCEF330072E89A /* UIColorCircleView.swift */; };
		8EFA22D32AFCEFD60072E89A /* UITextFieldWithPadding.swift in Sources */ = {isa = PBXBuildFile; fileRef = 8EFA22D22AFCEFD60072E89A /* UITextFieldWithPadding.swift */; };
		8EFA22D52AFCF06C0072E89A /* СustomColor.swift in Sources */ = {isa = PBXBuildFile; fileRef = 8EFA22D42AFCF06C0072E89A /* СustomColor.swift */; };
/* End PBXBuildFile section */

/* Begin PBXFileReference section */
		8E6C48CC2AF997BF00D56CDD /* HabitCreateViewController.swift */ = {isa = PBXFileReference; lastKnownFileType = sourcecode.swift; path = HabitCreateViewController.swift; sourceTree = "<group>"; };
		8E6C48CE2AF997C800D56CDD /* HabitEditViewController.swift */ = {isa = PBXFileReference; lastKnownFileType = sourcecode.swift; path = HabitEditViewController.swift; sourceTree = "<group>"; };
		8E7B408F2AFD459E0058FE55 /* UITimePickerView.swift */ = {isa = PBXFileReference; lastKnownFileType = sourcecode.swift; path = UITimePickerView.swift; sourceTree = "<group>"; };
		8E7B40912AFD593A0058FE55 /* UIView.swift */ = {isa = PBXFileReference; lastKnownFileType = sourcecode.swift; path = UIView.swift; sourceTree = "<group>"; };
		8EB8760B2AF583FC0057ECEF /* HabitsStore.swift */ = {isa = PBXFileReference; lastKnownFileType = sourcecode.swift; path = HabitsStore.swift; sourceTree = "<group>"; };
		8EB8760D2AF5848C0057ECEF /* HabitsViewController.swift */ = {isa = PBXFileReference; lastKnownFileType = sourcecode.swift; path = HabitsViewController.swift; sourceTree = "<group>"; };
		8EB8760F2AF584FB0057ECEF /* InfoViewController.swift */ = {isa = PBXFileReference; lastKnownFileType = sourcecode.swift; path = InfoViewController.swift; sourceTree = "<group>"; };
		8ED2CA642AF57E3B00808041 /* MyHabits.app */ = {isa = PBXFileReference; explicitFileType = wrapper.application; includeInIndex = 0; path = MyHabits.app; sourceTree = BUILT_PRODUCTS_DIR; };
		8ED2CA672AF57E3B00808041 /* AppDelegate.swift */ = {isa = PBXFileReference; lastKnownFileType = sourcecode.swift; path = AppDelegate.swift; sourceTree = "<group>"; };
		8ED2CA692AF57E3B00808041 /* SceneDelegate.swift */ = {isa = PBXFileReference; lastKnownFileType = sourcecode.swift; path = SceneDelegate.swift; sourceTree = "<group>"; };
		8ED2CA6B2AF57E3B00808041 /* TabBarViewController.swift */ = {isa = PBXFileReference; lastKnownFileType = sourcecode.swift; path = TabBarViewController.swift; sourceTree = "<group>"; };
		8ED2CA702AF57E3D00808041 /* Assets.xcassets */ = {isa = PBXFileReference; lastKnownFileType = folder.assetcatalog; path = Assets.xcassets; sourceTree = "<group>"; };
		8ED2CA732AF57E3D00808041 /* Base */ = {isa = PBXFileReference; lastKnownFileType = file.storyboard; name = Base; path = Base.lproj/LaunchScreen.storyboard; sourceTree = "<group>"; };
		8ED2CA752AF57E3D00808041 /* Info.plist */ = {isa = PBXFileReference; lastKnownFileType = text.plist.xml; path = Info.plist; sourceTree = "<group>"; };
		8EFA22CA2AFACAD30072E89A /* TestViewController.swift */ = {isa = PBXFileReference; lastKnownFileType = sourcecode.swift; path = TestViewController.swift; sourceTree = "<group>"; };
		8EFA22CC2AFACB4C0072E89A /* UIColorPickerView.swift */ = {isa = PBXFileReference; lastKnownFileType = sourcecode.swift; path = UIColorPickerView.swift; sourceTree = "<group>"; };
		8EFA22D02AFCEF330072E89A /* UIColorCircleView.swift */ = {isa = PBXFileReference; lastKnownFileType = sourcecode.swift; path = UIColorCircleView.swift; sourceTree = "<group>"; };
		8EFA22D22AFCEFD60072E89A /* UITextFieldWithPadding.swift */ = {isa = PBXFileReference; lastKnownFileType = sourcecode.swift; path = UITextFieldWithPadding.swift; sourceTree = "<group>"; };
		8EFA22D42AFCF06C0072E89A /* СustomColor.swift */ = {isa = PBXFileReference; lastKnownFileType = sourcecode.swift; path = "СustomColor.swift"; sourceTree = "<group>"; };
/* End PBXFileReference section */

/* Begin PBXFrameworksBuildPhase section */
		8ED2CA612AF57E3B00808041 /* Frameworks */ = {
			isa = PBXFrameworksBuildPhase;
			buildActionMask = 2147483647;
			files = (
			);
			runOnlyForDeploymentPostprocessing = 0;
		};
/* End PBXFrameworksBuildPhase section */

/* Begin PBXGroup section */
		8E6C48D02AF9980400D56CDD /* Habit */ = {
			isa = PBXGroup;
			children = (
				8EB8760D2AF5848C0057ECEF /* HabitsViewController.swift */,
				8EFA22CA2AFACAD30072E89A /* TestViewController.swift */,
				8E6C48CC2AF997BF00D56CDD /* HabitCreateViewController.swift */,
				8E6C48CE2AF997C800D56CDD /* HabitEditViewController.swift */,
			);
			path = Habit;
			sourceTree = "<group>";
		};
		8E6C48D12AF9981900D56CDD /* Info */ = {
			isa = PBXGroup;
			children = (
				8EB8760F2AF584FB0057ECEF /* InfoViewController.swift */,
			);
			path = Info;
			sourceTree = "<group>";
		};
		8EB876112AF586230057ECEF /* Modules */ = {
			isa = PBXGroup;
			children = (
				8ED2CA6B2AF57E3B00808041 /* TabBarViewController.swift */,
				8E6C48D02AF9980400D56CDD /* Habit */,
				8E6C48D12AF9981900D56CDD /* Info */,
			);
			path = Modules;
			sourceTree = "<group>";
		};
		8EB876122AF5863B0057ECEF /* Delegates */ = {
			isa = PBXGroup;
			children = (
				8ED2CA672AF57E3B00808041 /* AppDelegate.swift */,
				8ED2CA692AF57E3B00808041 /* SceneDelegate.swift */,
			);
			path = Delegates;
			sourceTree = "<group>";
		};
		8EB876132AF5865E0057ECEF /* Assets */ = {
			isa = PBXGroup;
			children = (
				8ED2CA702AF57E3D00808041 /* Assets.xcassets */,
				8ED2CA722AF57E3D00808041 /* LaunchScreen.storyboard */,
			);
			path = Assets;
			sourceTree = "<group>";
		};
		8ED2CA5B2AF57E3B00808041 = {
			isa = PBXGroup;
			children = (
				8ED2CA662AF57E3B00808041 /* MyHabits */,
				8ED2CA652AF57E3B00808041 /* Products */,
			);
			sourceTree = "<group>";
		};
		8ED2CA652AF57E3B00808041 /* Products */ = {
			isa = PBXGroup;
			children = (
				8ED2CA642AF57E3B00808041 /* MyHabits.app */,
			);
			name = Products;
			sourceTree = "<group>";
		};
		8ED2CA662AF57E3B00808041 /* MyHabits */ = {
			isa = PBXGroup;
			children = (
				8EB876122AF5863B0057ECEF /* Delegates */,
				8EB876112AF586230057ECEF /* Modules */,
				8EFFEECF2AF58DDD006EBB58 /* Extensions */,
				8EB876132AF5865E0057ECEF /* Assets */,
				8ED2CA752AF57E3D00808041 /* Info.plist */,
			);
			path = MyHabits;
			sourceTree = "<group>";
		};
		8EFFEECF2AF58DDD006EBB58 /* Extensions */ = {
			isa = PBXGroup;
			children = (
				8EFFEED12AF58E0D006EBB58 /* Data */,
				8EFFEED02AF58DF8006EBB58 /* Interface */,
			);
			path = Extensions;
			sourceTree = "<group>";
		};
		8EFFEED02AF58DF8006EBB58 /* Interface */ = {
			isa = PBXGroup;
			children = (
				8EFA22D02AFCEF330072E89A /* UIColorCircleView.swift */,
				8EFA22CC2AFACB4C0072E89A /* UIColorPickerView.swift */,
				8E7B408F2AFD459E0058FE55 /* UITimePickerView.swift */,
				8EFA22D22AFCEFD60072E89A /* UITextFieldWithPadding.swift */,
				8E7B40912AFD593A0058FE55 /* UIView.swift */,
			);
			path = Interface;
			sourceTree = "<group>";
		};
		8EFFEED12AF58E0D006EBB58 /* Data */ = {
			isa = PBXGroup;
			children = (
				8EB8760B2AF583FC0057ECEF /* HabitsStore.swift */,
				8EFA22D42AFCF06C0072E89A /* СustomColor.swift */,
			);
			path = Data;
			sourceTree = "<group>";
		};
/* End PBXGroup section */

/* Begin PBXNativeTarget section */
		8ED2CA632AF57E3B00808041 /* MyHabits */ = {
			isa = PBXNativeTarget;
			buildConfigurationList = 8ED2CA782AF57E3D00808041 /* Build configuration list for PBXNativeTarget "MyHabits" */;
			buildPhases = (
				8ED2CA602AF57E3B00808041 /* Sources */,
				8ED2CA612AF57E3B00808041 /* Frameworks */,
				8ED2CA622AF57E3B00808041 /* Resources */,
			);
			buildRules = (
			);
			dependencies = (
			);
			name = MyHabits;
			productName = MyHabits;
			productReference = 8ED2CA642AF57E3B00808041 /* MyHabits.app */;
			productType = "com.apple.product-type.application";
		};
/* End PBXNativeTarget section */

/* Begin PBXProject section */
		8ED2CA5C2AF57E3B00808041 /* Project object */ = {
			isa = PBXProject;
			attributes = {
				BuildIndependentTargetsInParallel = 1;
				LastSwiftUpdateCheck = 1500;
				LastUpgradeCheck = 1500;
				TargetAttributes = {
					8ED2CA632AF57E3B00808041 = {
						CreatedOnToolsVersion = 15.0.1;
					};
				};
			};
			buildConfigurationList = 8ED2CA5F2AF57E3B00808041 /* Build configuration list for PBXProject "MyHabits" */;
			compatibilityVersion = "Xcode 14.0";
			developmentRegion = en;
			hasScannedForEncodings = 0;
			knownRegions = (
				en,
				Base,
			);
			mainGroup = 8ED2CA5B2AF57E3B00808041;
			productRefGroup = 8ED2CA652AF57E3B00808041 /* Products */;
			projectDirPath = "";
			projectRoot = "";
			targets = (
				8ED2CA632AF57E3B00808041 /* MyHabits */,
			);
		};
/* End PBXProject section */

/* Begin PBXResourcesBuildPhase section */
		8ED2CA622AF57E3B00808041 /* Resources */ = {
			isa = PBXResourcesBuildPhase;
			buildActionMask = 2147483647;
			files = (
				8ED2CA742AF57E3D00808041 /* LaunchScreen.storyboard in Resources */,
				8ED2CA712AF57E3D00808041 /* Assets.xcassets in Resources */,
			);
			runOnlyForDeploymentPostprocessing = 0;
		};
/* End PBXResourcesBuildPhase section */

/* Begin PBXSourcesBuildPhase section */
		8ED2CA602AF57E3B00808041 /* Sources */ = {
			isa = PBXSourcesBuildPhase;
			buildActionMask = 2147483647;
			files = (
				8EFA22CB2AFACAD30072E89A /* TestViewController.swift in Sources */,
				8EB8760C2AF583FC0057ECEF /* HabitsStore.swift in Sources */,
				8EFA22D52AFCF06C0072E89A /* СustomColor.swift in Sources */,
				8ED2CA6C2AF57E3B00808041 /* TabBarViewController.swift in Sources */,
				8ED2CA682AF57E3B00808041 /* AppDelegate.swift in Sources */,
				8EB8760E2AF5848C0057ECEF /* HabitsViewController.swift in Sources */,
				8EFA22D32AFCEFD60072E89A /* UITextFieldWithPadding.swift in Sources */,
				8E7B40902AFD459E0058FE55 /* UITimePickerView.swift in Sources */,
				8EFA22D12AFCEF330072E89A /* UIColorCircleView.swift in Sources */,
				8E6C48CD2AF997BF00D56CDD /* HabitCreateViewController.swift in Sources */,
				8E7B40922AFD593A0058FE55 /* UIView.swift in Sources */,
				8EFA22CD2AFACB4C0072E89A /* UIColorPickerView.swift in Sources */,
				8E6C48CF2AF997C800D56CDD /* HabitEditViewController.swift in Sources */,
				8EB876102AF584FB0057ECEF /* InfoViewController.swift in Sources */,
				8ED2CA6A2AF57E3B00808041 /* SceneDelegate.swift in Sources */,
			);
			runOnlyForDeploymentPostprocessing = 0;
		};
/* End PBXSourcesBuildPhase section */

/* Begin PBXVariantGroup section */
		8ED2CA722AF57E3D00808041 /* LaunchScreen.storyboard */ = {
			isa = PBXVariantGroup;
			children = (
				8ED2CA732AF57E3D00808041 /* Base */,
			);
			name = LaunchScreen.storyboard;
			sourceTree = "<group>";
		};
/* End PBXVariantGroup section */

/* Begin XCBuildConfiguration section */
		8ED2CA762AF57E3D00808041 /* Debug */ = {
			isa = XCBuildConfiguration;
			buildSettings = {
				ALWAYS_SEARCH_USER_PATHS = NO;
				ASSETCATALOG_COMPILER_GENERATE_SWIFT_ASSET_SYMBOL_EXTENSIONS = YES;
				CLANG_ANALYZER_NONNULL = YES;
				CLANG_ANALYZER_NUMBER_OBJECT_CONVERSION = YES_AGGRESSIVE;
				CLANG_CXX_LANGUAGE_STANDARD = "gnu++20";
				CLANG_ENABLE_MODULES = YES;
				CLANG_ENABLE_OBJC_ARC = YES;
				CLANG_ENABLE_OBJC_WEAK = YES;
				CLANG_WARN_BLOCK_CAPTURE_AUTORELEASING = YES;
				CLANG_WARN_BOOL_CONVERSION = YES;
				CLANG_WARN_COMMA = YES;
				CLANG_WARN_CONSTANT_CONVERSION = YES;
				CLANG_WARN_DEPRECATED_OBJC_IMPLEMENTATIONS = YES;
				CLANG_WARN_DIRECT_OBJC_ISA_USAGE = YES_ERROR;
				CLANG_WARN_DOCUMENTATION_COMMENTS = YES;
				CLANG_WARN_EMPTY_BODY = YES;
				CLANG_WARN_ENUM_CONVERSION = YES;
				CLANG_WARN_INFINITE_RECURSION = YES;
				CLANG_WARN_INT_CONVERSION = YES;
				CLANG_WARN_NON_LITERAL_NULL_CONVERSION = YES;
				CLANG_WARN_OBJC_IMPLICIT_RETAIN_SELF = YES;
				CLANG_WARN_OBJC_LITERAL_CONVERSION = YES;
				CLANG_WARN_OBJC_ROOT_CLASS = YES_ERROR;
				CLANG_WARN_QUOTED_INCLUDE_IN_FRAMEWORK_HEADER = YES;
				CLANG_WARN_RANGE_LOOP_ANALYSIS = YES;
				CLANG_WARN_STRICT_PROTOTYPES = YES;
				CLANG_WARN_SUSPICIOUS_MOVE = YES;
				CLANG_WARN_UNGUARDED_AVAILABILITY = YES_AGGRESSIVE;
				CLANG_WARN_UNREACHABLE_CODE = YES;
				CLANG_WARN__DUPLICATE_METHOD_MATCH = YES;
				COPY_PHASE_STRIP = NO;
				DEBUG_INFORMATION_FORMAT = dwarf;
				ENABLE_STRICT_OBJC_MSGSEND = YES;
				ENABLE_TESTABILITY = YES;
				ENABLE_USER_SCRIPT_SANDBOXING = YES;
				GCC_C_LANGUAGE_STANDARD = gnu17;
				GCC_DYNAMIC_NO_PIC = NO;
				GCC_NO_COMMON_BLOCKS = YES;
				GCC_OPTIMIZATION_LEVEL = 0;
				GCC_PREPROCESSOR_DEFINITIONS = (
					"DEBUG=1",
					"$(inherited)",
				);
				GCC_WARN_64_TO_32_BIT_CONVERSION = YES;
				GCC_WARN_ABOUT_RETURN_TYPE = YES_ERROR;
				GCC_WARN_UNDECLARED_SELECTOR = YES;
				GCC_WARN_UNINITIALIZED_AUTOS = YES_AGGRESSIVE;
				GCC_WARN_UNUSED_FUNCTION = YES;
				GCC_WARN_UNUSED_VARIABLE = YES;
				IPHONEOS_DEPLOYMENT_TARGET = 17.0;
				LOCALIZATION_PREFERS_STRING_CATALOGS = YES;
				MTL_ENABLE_DEBUG_INFO = INCLUDE_SOURCE;
				MTL_FAST_MATH = YES;
				ONLY_ACTIVE_ARCH = YES;
				SDKROOT = iphoneos;
				SWIFT_ACTIVE_COMPILATION_CONDITIONS = "DEBUG $(inherited)";
				SWIFT_OPTIMIZATION_LEVEL = "-Onone";
			};
			name = Debug;
		};
		8ED2CA772AF57E3D00808041 /* Release */ = {
			isa = XCBuildConfiguration;
			buildSettings = {
				ALWAYS_SEARCH_USER_PATHS = NO;
				ASSETCATALOG_COMPILER_GENERATE_SWIFT_ASSET_SYMBOL_EXTENSIONS = YES;
				CLANG_ANALYZER_NONNULL = YES;
				CLANG_ANALYZER_NUMBER_OBJECT_CONVERSION = YES_AGGRESSIVE;
				CLANG_CXX_LANGUAGE_STANDARD = "gnu++20";
				CLANG_ENABLE_MODULES = YES;
				CLANG_ENABLE_OBJC_ARC = YES;
				CLANG_ENABLE_OBJC_WEAK = YES;
				CLANG_WARN_BLOCK_CAPTURE_AUTORELEASING = YES;
				CLANG_WARN_BOOL_CONVERSION = YES;
				CLANG_WARN_COMMA = YES;
				CLANG_WARN_CONSTANT_CONVERSION = YES;
				CLANG_WARN_DEPRECATED_OBJC_IMPLEMENTATIONS = YES;
				CLANG_WARN_DIRECT_OBJC_ISA_USAGE = YES_ERROR;
				CLANG_WARN_DOCUMENTATION_COMMENTS = YES;
				CLANG_WARN_EMPTY_BODY = YES;
				CLANG_WARN_ENUM_CONVERSION = YES;
				CLANG_WARN_INFINITE_RECURSION = YES;
				CLANG_WARN_INT_CONVERSION = YES;
				CLANG_WARN_NON_LITERAL_NULL_CONVERSION = YES;
				CLANG_WARN_OBJC_IMPLICIT_RETAIN_SELF = YES;
				CLANG_WARN_OBJC_LITERAL_CONVERSION = YES;
				CLANG_WARN_OBJC_ROOT_CLASS = YES_ERROR;
				CLANG_WARN_QUOTED_INCLUDE_IN_FRAMEWORK_HEADER = YES;
				CLANG_WARN_RANGE_LOOP_ANALYSIS = YES;
				CLANG_WARN_STRICT_PROTOTYPES = YES;
				CLANG_WARN_SUSPICIOUS_MOVE = YES;
				CLANG_WARN_UNGUARDED_AVAILABILITY = YES_AGGRESSIVE;
				CLANG_WARN_UNREACHABLE_CODE = YES;
				CLANG_WARN__DUPLICATE_METHOD_MATCH = YES;
				COPY_PHASE_STRIP = NO;
				DEBUG_INFORMATION_FORMAT = "dwarf-with-dsym";
				ENABLE_NS_ASSERTIONS = NO;
				ENABLE_STRICT_OBJC_MSGSEND = YES;
				ENABLE_USER_SCRIPT_SANDBOXING = YES;
				GCC_C_LANGUAGE_STANDARD = gnu17;
				GCC_NO_COMMON_BLOCKS = YES;
				GCC_WARN_64_TO_32_BIT_CONVERSION = YES;
				GCC_WARN_ABOUT_RETURN_TYPE = YES_ERROR;
				GCC_WARN_UNDECLARED_SELECTOR = YES;
				GCC_WARN_UNINITIALIZED_AUTOS = YES_AGGRESSIVE;
				GCC_WARN_UNUSED_FUNCTION = YES;
				GCC_WARN_UNUSED_VARIABLE = YES;
				IPHONEOS_DEPLOYMENT_TARGET = 17.0;
				LOCALIZATION_PREFERS_STRING_CATALOGS = YES;
				MTL_ENABLE_DEBUG_INFO = NO;
				MTL_FAST_MATH = YES;
				SDKROOT = iphoneos;
				SWIFT_COMPILATION_MODE = wholemodule;
				VALIDATE_PRODUCT = YES;
			};
			name = Release;
		};
		8ED2CA792AF57E3D00808041 /* Debug */ = {
			isa = XCBuildConfiguration;
			buildSettings = {
				ASSETCATALOG_COMPILER_APPICON_NAME = AppIcon;
				ASSETCATALOG_COMPILER_GLOBAL_ACCENT_COLOR_NAME = AccentColor;
				CODE_SIGN_STYLE = Automatic;
				CURRENT_PROJECT_VERSION = 1;
				DEVELOPMENT_TEAM = M4YMDNRFZP;
				GENERATE_INFOPLIST_FILE = YES;
				INFOPLIST_FILE = MyHabits/Info.plist;
				INFOPLIST_KEY_UIApplicationSupportsIndirectInputEvents = YES;
				INFOPLIST_KEY_UILaunchStoryboardName = LaunchScreen;
				INFOPLIST_KEY_UISupportedInterfaceOrientations_iPad = "UIInterfaceOrientationPortrait UIInterfaceOrientationPortraitUpsideDown UIInterfaceOrientationLandscapeLeft UIInterfaceOrientationLandscapeRight";
				INFOPLIST_KEY_UISupportedInterfaceOrientations_iPhone = "UIInterfaceOrientationPortrait UIInterfaceOrientationLandscapeLeft UIInterfaceOrientationLandscapeRight";
				IPHONEOS_DEPLOYMENT_TARGET = 15.0;
				LD_RUNPATH_SEARCH_PATHS = (
					"$(inherited)",
					"@executable_path/Frameworks",
				);
				MARKETING_VERSION = 1.0;
				PRODUCT_BUNDLE_IDENTIFIER = "Philipp-Lazarev.MyHabits";
				PRODUCT_NAME = "$(TARGET_NAME)";
				SWIFT_EMIT_LOC_STRINGS = YES;
				SWIFT_VERSION = 5.0;
				TARGETED_DEVICE_FAMILY = "1,2";
			};
			name = Debug;
		};
		8ED2CA7A2AF57E3D00808041 /* Release */ = {
			isa = XCBuildConfiguration;
			buildSettings = {
				ASSETCATALOG_COMPILER_APPICON_NAME = AppIcon;
				ASSETCATALOG_COMPILER_GLOBAL_ACCENT_COLOR_NAME = AccentColor;
				CODE_SIGN_STYLE = Automatic;
				CURRENT_PROJECT_VERSION = 1;
				DEVELOPMENT_TEAM = M4YMDNRFZP;
				GENERATE_INFOPLIST_FILE = YES;
				INFOPLIST_FILE = MyHabits/Info.plist;
				INFOPLIST_KEY_UIApplicationSupportsIndirectInputEvents = YES;
				INFOPLIST_KEY_UILaunchStoryboardName = LaunchScreen;
				INFOPLIST_KEY_UISupportedInterfaceOrientations_iPad = "UIInterfaceOrientationPortrait UIInterfaceOrientationPortraitUpsideDown UIInterfaceOrientationLandscapeLeft UIInterfaceOrientationLandscapeRight";
				INFOPLIST_KEY_UISupportedInterfaceOrientations_iPhone = "UIInterfaceOrientationPortrait UIInterfaceOrientationLandscapeLeft UIInterfaceOrientationLandscapeRight";
				IPHONEOS_DEPLOYMENT_TARGET = 15.0;
				LD_RUNPATH_SEARCH_PATHS = (
					"$(inherited)",
					"@executable_path/Frameworks",
				);
				MARKETING_VERSION = 1.0;
				PRODUCT_BUNDLE_IDENTIFIER = "Philipp-Lazarev.MyHabits";
				PRODUCT_NAME = "$(TARGET_NAME)";
				SWIFT_EMIT_LOC_STRINGS = YES;
				SWIFT_VERSION = 5.0;
				TARGETED_DEVICE_FAMILY = "1,2";
			};
			name = Release;
		};
/* End XCBuildConfiguration section */

/* Begin XCConfigurationList section */
		8ED2CA5F2AF57E3B00808041 /* Build configuration list for PBXProject "MyHabits" */ = {
			isa = XCConfigurationList;
			buildConfigurations = (
				8ED2CA762AF57E3D00808041 /* Debug */,
				8ED2CA772AF57E3D00808041 /* Release */,
			);
			defaultConfigurationIsVisible = 0;
			defaultConfigurationName = Release;
		};
		8ED2CA782AF57E3D00808041 /* Build configuration list for PBXNativeTarget "MyHabits" */ = {
			isa = XCConfigurationList;
			buildConfigurations = (
				8ED2CA792AF57E3D00808041 /* Debug */,
				8ED2CA7A2AF57E3D00808041 /* Release */,
			);
			defaultConfigurationIsVisible = 0;
			defaultConfigurationName = Release;
		};
/* End XCConfigurationList section */
	};
	rootObject = 8ED2CA5C2AF57E3B00808041 /* Project object */;
}
